
Microsoft Visual Studio Solution File, Format Version 12.00
# Visual Studio 2013
VisualStudioVersion = 12.0.30501.0
MinimumVisualStudioVersion = 10.0.40219.1
Project("{FAE04EC0-301F-11D3-BF4B-00C04F79EFBC}") = "MMDB.AzureSample.Web", "MMDB.AzureSample.Web\MMDB.AzureSample.Web.csproj", "{3CF214DF-70B5-44D9-8A14-84F149F9AA5F}"
EndProject
Project("{CC5FD16D-436D-48AD-A40C-5A424C6E3E79}") = "MMDB.AzureSample.Web.Azure", "MMDB.AzureSample.Web.Azure\MMDB.AzureSample.Web.Azure.ccproj", "{5756BB65-6C59-43AF-9EE5-93350FA219B3}"
EndProject
Project("{2150E333-8FDC-42A3-9474-1A3956D46DE8}") = ".nuget", ".nuget", "{2CAB37D5-B61C-418E-AC55-5E739739A4A5}"
	ProjectSection(SolutionItems) = preProject
		.nuget\packages.config = .nuget\packages.config
	EndProjectSection
EndProject
Global
	GlobalSection(SolutionConfigurationPlatforms) = preSolution
		Debug|Any CPU = Debug|Any CPU
		Release|Any CPU = Release|Any CPU
	EndGlobalSection
	GlobalSection(ProjectConfigurationPlatforms) = postSolution
		{3CF214DF-70B5-44D9-8A14-84F149F9AA5F}.Debug|Any CPU.ActiveCfg = Debug|Any CPU
		{3CF214DF-70B5-44D9-8A14-84F149F9AA5F}.Debug|Any CPU.Build.0 = Debug|Any CPU
		{3CF214DF-70B5-44D9-8A14-84F149F9AA5F}.Release|Any CPU.ActiveCfg = Release|Any CPU
		{3CF214DF-70B5-44D9-8A14-84F149F9AA5F}.Release|Any CPU.Build.0 = Release|Any CPU
		{5756BB65-6C59-43AF-9EE5-93350FA219B3}.Debug|Any CPU.ActiveCfg = Debug|Any CPU
		{5756BB65-6C59-43AF-9EE5-93350FA219B3}.Debug|Any CPU.Build.0 = Debug|Any CPU
		{5756BB65-6C59-43AF-9EE5-93350FA219B3}.Release|Any CPU.ActiveCfg = Release|Any CPU
		{5756BB65-6C59-43AF-9EE5-93350FA219B3}.Release|Any CPU.Build.0 = Release|Any CPU
	EndGlobalSection
	GlobalSection(SolutionProperties) = preSolution
		HideSolutionNode = FALSE
	EndGlobalSection
EndGlobal
